
Microsoft Visual Studio Solution File, Format Version 12.00
# Visual Studio Version 17
VisualStudioVersion = 17.5.33530.505
MinimumVisualStudioVersion = 10.0.40219.1
Project("{FAE04EC0-301F-11D3-BF4B-00C04F79EFBC}") = "EvCharge", "EvCharge\EvCharge.csproj", "{8A27C2A8-AFB4-486B-B5DB-CC325D54DD68}"
EndProject
Global
	GlobalSection(SolutionConfigurationPlatforms) = preSolution
		Debug|Any CPU = Debug|Any CPU
		Release|Any CPU = Release|Any CPU
	EndGlobalSection
	GlobalSection(ProjectConfigurationPlatforms) = postSolution
		{8A27C2A8-AFB4-486B-B5DB-CC325D54DD68}.Debug|Any CPU.ActiveCfg = Debug|Any CPU
		{8A27C2A8-AFB4-486B-B5DB-CC325D54DD68}.Debug|Any CPU.Build.0 = Debug|Any CPU
		{8A27C2A8-AFB4-486B-B5DB-CC325D54DD68}.Release|Any CPU.ActiveCfg = Release|Any CPU
		{8A27C2A8-AFB4-486B-B5DB-CC325D54DD68}.Release|Any CPU.Build.0 = Release|Any CPU
	EndGlobalSection
	GlobalSection(SolutionProperties) = preSolution
		HideSolutionNode = FALSE
	EndGlobalSection
	GlobalSection(ExtensibilityGlobals) = postSolution
		SolutionGuid = {072C4CDF-469E-400C-BE41-80E10BC69CC6}
	EndGlobalSection
EndGlobal
